
Microsoft Visual Studio Solution File, Format Version 12.00
# Visual Studio Version 16
VisualStudioVersion = 16.0.31911.196
MinimumVisualStudioVersion = 10.0.40219.1
Project("{8BC9CEB8-8B4A-11D0-8D11-00A0C91BC942}") = "Proyecto3GalleryTEC", "Proyecto3GalleryTEC\Proyecto3GalleryTEC.vcxproj", "{D250EA3C-60DB-4B8A-948D-5442255BA96F}"
EndProject
Global
	GlobalSection(SolutionConfigurationPlatforms) = preSolution
		Debug|x64 = Debug|x64
		Release|x64 = Release|x64
	EndGlobalSection
	GlobalSection(ProjectConfigurationPlatforms) = postSolution
		{D250EA3C-60DB-4B8A-948D-5442255BA96F}.Debug|x64.ActiveCfg = Debug|x64
		{D250EA3C-60DB-4B8A-948D-5442255BA96F}.Debug|x64.Build.0 = Debug|x64
		{D250EA3C-60DB-4B8A-948D-5442255BA96F}.Release|x64.ActiveCfg = Release|x64
		{D250EA3C-60DB-4B8A-948D-5442255BA96F}.Release|x64.Build.0 = Release|x64
	EndGlobalSection
	GlobalSection(SolutionProperties) = preSolution
		HideSolutionNode = FALSE
	EndGlobalSection
	GlobalSection(ExtensibilityGlobals) = postSolution
		SolutionGuid = {3C902C2C-6B9A-4937-AA7F-37E6C36F9DA3}
	EndGlobalSection
EndGlobal
